<?xml version="1.0" encoding="utf-8"?>
<Project ToolsVersion="4.0" xmlns="http://schemas.microsoft.com/developer/msbuild/2003">
  <ItemGroup>
    <Filter Include="源文件">
      <UniqueIdentifier>{4FC737F1-C7A5-4376-A066-2A32D752A2FF}</UniqueIdentifier>
      <Extensions>cpp;c;cc;cxx;def;odl;idl;hpj;bat;asm;asmx</Extensions>
    </Filter>
    <Filter Include="头文件">
      <UniqueIdentifier>{93995380-89BD-4b04-88EB-625FBE52EBFB}</UniqueIdentifier>
      <Extensions>h;hpp;hxx;hm;inl;inc;xsd</Extensions>
    </Filter>
    <Filter Include="资源文件">
      <UniqueIdentifier>{67DA6AB6-F800-4c08-8B7A-83BB121AAD01}</UniqueIdentifier>
      <Extensions>rc;ico;cur;bmp;dlg;rc2;rct;bin;rgs;gif;jpg;jpeg;jpe;resx;tiff;tif;png;wav;mfcribbon-ms</Extensions>
    </Filter>
    <Filter Include="socket">
      <UniqueIdentifier>{cbe03aea-9366-4af3-912d-66253a125ca1}</UniqueIdentifier>
    </Filter>
  </ItemGroup>
  <ItemGroup>
    <Text Include="ReadMe.txt" />
  </ItemGroup>
  <ItemGroup>
    <ClInclude Include="RemoteController.h">
      <Filter>头文件</Filter>
    </ClInclude>
    <ClInclude Include="RemoteControllerDlg.h">
      <Filter>头文件</Filter>
    </ClInclude>
    <ClInclude Include="stdafx.h">
      <Filter>头文件</Filter>
    </ClInclude>
    <ClInclude Include="targetver.h">
      <Filter>头文件</Filter>
    </ClInclude>
    <ClInclude Include="Resource.h">
      <Filter>头文件</Filter>
    </ClInclude>
    <ClInclude Include="AppListCtrl.h">
      <Filter>头文件</Filter>
    </ClInclude>
    <ClInclude Include="socket\SocketBase.h">
      <Filter>socket</Filter>
    </ClInclude>
    <ClInclude Include="socket\SocketClient.h">
      <Filter>socket</Filter>
    </ClInclude>
    <ClInclude Include="socket\SocketServer.h">
      <Filter>socket</Filter>
    </ClInclude>
    <ClInclude Include="socket\RingBuffer.h">
      <Filter>socket</Filter>
    </ClInclude>
    <ClInclude Include="AppInfo.h">
      <Filter>头文件</Filter>
    </ClInclude>
    <ClInclude Include="IPConfigDlg.h">
      <Filter>头文件</Filter>
    </ClInclude>
    <ClInclude Include="cmdList.h">
      <Filter>socket</Filter>
    </ClInclude>
    <ClInclude Include="AliveTimeDlg.h">
      <Filter>头文件</Filter>
    </ClInclude>
    <ClInclude Include="UpdateServerDlg.h">
      <Filter>头文件</Filter>
    </ClInclude>
    <ClInclude Include="md5driver.hpp">
      <Filter>头文件</Filter>
    </ClInclude>
    <ClInclude Include="NoticeDlg.h">
      <Filter>头文件</Filter>
    </ClInclude>
    <ClInclude Include="UpdateServer.h">
      <Filter>socket</Filter>
    </ClInclude>
    <ClInclude Include="DlgSetRemotePort.h">
      <Filter>头文件</Filter>
    </ClInclude>
    <ClInclude Include="DlgSetRemoteIP.h">
      <Filter>头文件</Filter>
    </ClInclude>
  </ItemGroup>
  <ItemGroup>
    <ClCompile Include="RemoteController.cpp">
      <Filter>源文件</Filter>
    </ClCompile>
    <ClCompile Include="RemoteControllerDlg.cpp">
      <Filter>源文件</Filter>
    </ClCompile>
    <ClCompile Include="stdafx.cpp">
      <Filter>源文件</Filter>
    </ClCompile>
    <ClCompile Include="AppListCtrl.cpp">
      <Filter>源文件</Filter>
    </ClCompile>
    <ClCompile Include="socket\SocketBase.cpp">
      <Filter>socket</Filter>
    </ClCompile>
    <ClCompile Include="socket\SocketClient.cpp">
      <Filter>socket</Filter>
    </ClCompile>
    <ClCompile Include="socket\SocketServer.cpp">
      <Filter>socket</Filter>
    </ClCompile>
    <ClCompile Include="socket\RingBuffer.cpp">
      <Filter>socket</Filter>
    </ClCompile>
    <ClCompile Include="IPConfigDlg.cpp">
      <Filter>源文件</Filter>
    </ClCompile>
    <ClCompile Include="AliveTimeDlg.cpp">
      <Filter>源文件</Filter>
    </ClCompile>
    <ClCompile Include="UpdateServerDlg.cpp">
      <Filter>源文件</Filter>
    </ClCompile>
    <ClCompile Include="md5driver.cpp">
      <Filter>源文件</Filter>
    </ClCompile>
    <ClCompile Include="NoticeDlg.cpp">
      <Filter>源文件</Filter>
    </ClCompile>
    <ClCompile Include="UpdateServer.cpp">
      <Filter>socket</Filter>
    </ClCompile>
    <ClCompile Include="DlgSetRemotePort.cpp">
      <Filter>源文件</Filter>
    </ClCompile>
    <ClCompile Include="DlgSetRemoteIP.cpp">
      <Filter>源文件</Filter>
    </ClCompile>
  </ItemGroup>
  <ItemGroup>
    <ResourceCompile Include="RemoteController.rc">
      <Filter>资源文件</Filter>
    </ResourceCompile>
  </ItemGroup>
  <ItemGroup>
    <None Include="res\RemoteController.rc2">
      <Filter>资源文件</Filter>
    </None>
  </ItemGroup>
  <ItemGroup>
    <Image Include="res\RemoteController.ico">
      <Filter>资源文件</Filter>
    </Image>
  </ItemGroup>
</Project>